PODS:
  - Realm (10.7.6):
    - Realm/Headers (= 10.7.6)
  - Realm/Headers (10.7.6)
  - RealmSwift (10.7.6):
    - Realm (= 10.7.6)
  - RxCocoa (6.2.0):
    - RxRelay (= 6.2.0)
    - RxSwift (= 6.2.0)
  - RxRelay (6.2.0):
    - RxSwift (= 6.2.0)
  - RxSwift (6.2.0)

DEPENDENCIES:
  - RealmSwift
  - RxCocoa
  - RxSwift

SPEC REPOS:
  trunk:
    - Realm
    - RealmSwift
    - RxCocoa
    - RxRelay
    - RxSwift

SPEC CHECKSUMS:
  Realm: ed860452717c8db8f4bf832b6807f7f2ce708839
  RealmSwift: e31c4ddbcc42ac879313d656b86f9ca539f6f4f4
  RxCocoa: 4baf94bb35f2c0ab31bc0cb9f1900155f646ba42
  RxRelay: e72dbfd157807478401ef1982e1c61c945c94b2f
  RxSwift: d356ab7bee873611322f134c5f9ef379fa183d8f

PODFILE CHECKSUM: 2e2af5d72cdf83bd89cd71e5a196103ecff3ce43

COCOAPODS: 1.10.0
