// !$*UTF8*$!
{
	archiveVersion = 1;
	classes = {
	};
	objectVersion = 51;
	objects = {

/* Begin PBXBuildFile section */
		0A04254C264F22460019AEC1 /* PlayerSelectionViewModel.swift in Sources */ = {isa = PBXBuildFile; fileRef = 0A04254B264F22460019AEC1 /* PlayerSelectionViewModel.swift */; };
		0A04254E264FA8250019AEC1 /* EntryNameViewModel.swift in Sources */ = {isa = PBXBuildFile; fileRef = 0A04254D264FA8250019AEC1 /* EntryNameViewModel.swift */; };
		0A0425A226539E3A0019AEC1 /* EntryNameStackView.swift in Sources */ = {isa = PBXBuildFile; fileRef = 0A0425A126539E3A0019AEC1 /* EntryNameStackView.swift */; };
		0A306FCA25F7078B0059CDEE /* AppDelegate.swift in Sources */ = {isa = PBXBuildFile; fileRef = 0A306FC925F7078B0059CDEE /* AppDelegate.swift */; };
		0A306FCC25F7078B0059CDEE /* SceneDelegate.swift in Sources */ = {isa = PBXBuildFile; fileRef = 0A306FCB25F7078B0059CDEE /* SceneDelegate.swift */; };
		0A306FD625F7078C0059CDEE /* Assets.xcassets in Resources */ = {isa = PBXBuildFile; fileRef = 0A306FD525F7078C0059CDEE /* Assets.xcassets */; };
		0A306FD925F7078C0059CDEE /* LaunchScreen.storyboard in Resources */ = {isa = PBXBuildFile; fileRef = 0A306FD725F7078C0059CDEE /* LaunchScreen.storyboard */; };
		0A3A62952638B1830082ACAE /* TopViewController.swift in Sources */ = {isa = PBXBuildFile; fileRef = 0A3A62942638B1830082ACAE /* TopViewController.swift */; };
		0A3A62982638B3780082ACAE /* PlayerSelectionViewController.swift in Sources */ = {isa = PBXBuildFile; fileRef = 0A3A62972638B3780082ACAE /* PlayerSelectionViewController.swift */; };
		0A3A62AF2638BC5A0082ACAE /* EntryNameViewController.swift in Sources */ = {isa = PBXBuildFile; fileRef = 0A3A62AE2638BC5A0082ACAE /* EntryNameViewController.swift */; };
		0A3A62B82638BFC30082ACAE /* QueenSelectedViewController.swift in Sources */ = {isa = PBXBuildFile; fileRef = 0A3A62B72638BFC30082ACAE /* QueenSelectedViewController.swift */; };
		0A3A62BC2638C0580082ACAE /* CommandSelectionViewController.swift in Sources */ = {isa = PBXBuildFile; fileRef = 0A3A62BB2638C0580082ACAE /* CommandSelectionViewController.swift */; };
		0A3A62C12638C12A0082ACAE /* CommandManualSelectingViewController.swift in Sources */ = {isa = PBXBuildFile; fileRef = 0A3A62C02638C12A0082ACAE /* CommandManualSelectingViewController.swift */; };
		0A3A62C52638C1AB0082ACAE /* CommandConfirmationViewController.swift in Sources */ = {isa = PBXBuildFile; fileRef = 0A3A62C42638C1AB0082ACAE /* CommandConfirmationViewController.swift */; };
		0A3A62CE2638C3310082ACAE /* CitizenSelectedViewController.swift in Sources */ = {isa = PBXBuildFile; fileRef = 0A3A62CD2638C3310082ACAE /* CitizenSelectedViewController.swift */; };
		0A3A62D42638C3AA0082ACAE /* ResultViewController.swift in Sources */ = {isa = PBXBuildFile; fileRef = 0A3A62D32638C3AA0082ACAE /* ResultViewController.swift */; };
		0A3A62D92638CF960082ACAE /* CommonCommandViewController.swift in Sources */ = {isa = PBXBuildFile; fileRef = 0A3A62D82638CF960082ACAE /* CommonCommandViewController.swift */; };
		0A3A62DD2638D19B0082ACAE /* CommandEditViewController.swift in Sources */ = {isa = PBXBuildFile; fileRef = 0A3A62DC2638D19B0082ACAE /* CommandEditViewController.swift */; };
		0A3A62E32638D3320082ACAE /* MenuViewController.swift in Sources */ = {isa = PBXBuildFile; fileRef = 0A3A62E22638D3320082ACAE /* MenuViewController.swift */; };
		0A3A62ED2638D47A0082ACAE /* SettingsViewController.swift in Sources */ = {isa = PBXBuildFile; fileRef = 0A3A62EC2638D47A0082ACAE /* SettingsViewController.swift */; };
		0A3A62F12638D7B60082ACAE /* ExitAlertViewController.swift in Sources */ = {isa = PBXBuildFile; fileRef = 0A3A62F02638D7B60082ACAE /* ExitAlertViewController.swift */; };
		0A85DFDA265B1AFA00F662B5 /* QueenSelectedViewModel.swift in Sources */ = {isa = PBXBuildFile; fileRef = 0A85DFD9265B1AFA00F662B5 /* QueenSelectedViewModel.swift */; };
		0AD08A9F26486F5900654A05 /* QueenSelectionViewController.swift in Sources */ = {isa = PBXBuildFile; fileRef = 0AD08A9E26486F5900654A05 /* QueenSelectionViewController.swift */; };
		0AD08AA72649FBC500654A05 /* Constant.swift in Sources */ = {isa = PBXBuildFile; fileRef = 0AD08AA62649FBC500654A05 /* Constant.swift */; };
		0AD08ACF264A6F1900654A05 /* QueensGameSelectionProtocol.swift in Sources */ = {isa = PBXBuildFile; fileRef = 0AD08ACE264A6F1900654A05 /* QueensGameSelectionProtocol.swift */; };
		0AD08AD1264A6FD100654A05 /* QueensGameSelectionProtocol+Layout.swift in Sources */ = {isa = PBXBuildFile; fileRef = 0AD08AD0264A6FD100654A05 /* QueensGameSelectionProtocol+Layout.swift */; };
		0AD08AD3264A700B00654A05 /* QueensGameSelectionProtocol+DataSource.swift in Sources */ = {isa = PBXBuildFile; fileRef = 0AD08AD2264A700B00654A05 /* QueensGameSelectionProtocol+DataSource.swift */; };
		0AD08AD5264A7CD700654A05 /* QueenSelectionViewModel.swift in Sources */ = {isa = PBXBuildFile; fileRef = 0AD08AD4264A7CD700654A05 /* QueenSelectionViewModel.swift */; };
		3B7981A3264F09AA002D2F71 /* CitizenSelectedViewModel.swift in Sources */ = {isa = PBXBuildFile; fileRef = 3B7981A2264F09A9002D2F71 /* CitizenSelectedViewModel.swift */; };
		3B7981C5264F8C66002D2F71 /* CountdownStackView.swift in Sources */ = {isa = PBXBuildFile; fileRef = 3B7981C4264F8C66002D2F71 /* CountdownStackView.swift */; };
		3B93A6F32648A4F1009FB008 /* SettingsViewModel.swift in Sources */ = {isa = PBXBuildFile; fileRef = 3B93A6F22648A4F1009FB008 /* SettingsViewModel.swift */; };
		3B93A6F72648AD8E009FB008 /* SettingsStackView.swift in Sources */ = {isa = PBXBuildFile; fileRef = 3B93A6F62648AD8E009FB008 /* SettingsStackView.swift */; };
		3B9E940C2650610A003207F7 /* Executor.swift in Sources */ = {isa = PBXBuildFile; fileRef = 3B9E940B2650610A003207F7 /* Executor.swift */; };
		480952A32675DACA00A39166 /* BackgroundCreatorPlain.swift in Sources */ = {isa = PBXBuildFile; fileRef = 480952A22675DACA00A39166 /* BackgroundCreatorPlain.swift */; };
		4814766226901CF700271645 /* QueensGameButton.swift in Sources */ = {isa = PBXBuildFile; fileRef = 4814766126901CF700271645 /* QueensGameButton.swift */; };
		481476642692D5C600271645 /* ResultViewModel.swift in Sources */ = {isa = PBXBuildFile; fileRef = 481476632692D5C600271645 /* ResultViewModel.swift */; };
		481476662692D7EA00271645 /* ScreenSelectionViewModel.swift in Sources */ = {isa = PBXBuildFile; fileRef = 481476652692D7EA00271645 /* ScreenSelectionViewModel.swift */; };
		481BA6A0269988C600F5D5F2 /* QueenBeforeSelectionViewController.swift in Sources */ = {isa = PBXBuildFile; fileRef = 481BA69F269988C600F5D5F2 /* QueenBeforeSelectionViewController.swift */; };
		481BA6A22699893500F5D5F2 /* QueenBeforeSelectionViewModel.swift in Sources */ = {isa = PBXBuildFile; fileRef = 481BA6A12699893500F5D5F2 /* QueenBeforeSelectionViewModel.swift */; };
		481C2CB3267AF390003975FF /* BackgroundCreatorWithClose.swift in Sources */ = {isa = PBXBuildFile; fileRef = 481C2CB2267AF390003975FF /* BackgroundCreatorWithClose.swift */; };
		481C2CB5267AF5A1003975FF /* CloseButton.swift in Sources */ = {isa = PBXBuildFile; fileRef = 481C2CB4267AF5A1003975FF /* CloseButton.swift */; };
		481CA4002689811800ADF48A /* MenuViewModel.swift in Sources */ = {isa = PBXBuildFile; fileRef = 481CA3FF2689811800ADF48A /* MenuViewModel.swift */; };
		481CA4022689928B00ADF48A /* LoadingView.swift in Sources */ = {isa = PBXBuildFile; fileRef = 481CA4012689928B00ADF48A /* LoadingView.swift */; };
		481CA405268AEDE300ADF48A /* WebViewViewController.swift in Sources */ = {isa = PBXBuildFile; fileRef = 481CA404268AEDE300ADF48A /* WebViewViewController.swift */; };
		482681822645EBA80010543A /* UISearchBar+configLayout.swift in Sources */ = {isa = PBXBuildFile; fileRef = 4826815C2645EBA70010543A /* UISearchBar+configLayout.swift */; };
		482681832645EBA80010543A /* CustomSearchBar.swift in Sources */ = {isa = PBXBuildFile; fileRef = 4826815D2645EBA70010543A /* CustomSearchBar.swift */; };
		482681842645EBA80010543A /* CustomColor.swift in Sources */ = {isa = PBXBuildFile; fileRef = 4826815F2645EBA70010543A /* CustomColor.swift */; };
		482681852645EBA80010543A /* UIColor+Hex.swift in Sources */ = {isa = PBXBuildFile; fileRef = 482681602645EBA70010543A /* UIColor+Hex.swift */; };
		482681862645EBA80010543A /* H2Label.swift in Sources */ = {isa = PBXBuildFile; fileRef = 482681622645EBA70010543A /* H2Label.swift */; };
		482681872645EBA80010543A /* PLabel.swift in Sources */ = {isa = PBXBuildFile; fileRef = 482681632645EBA70010543A /* PLabel.swift */; };
		482681882645EBA80010543A /* H3Label.swift in Sources */ = {isa = PBXBuildFile; fileRef = 482681642645EBA70010543A /* H3Label.swift */; };
		482681892645EBA80010543A /* H1Label.swift in Sources */ = {isa = PBXBuildFile; fileRef = 482681652645EBA70010543A /* H1Label.swift */; };
		4826818A2645EBA80010543A /* H4Label.swift in Sources */ = {isa = PBXBuildFile; fileRef = 482681662645EBA70010543A /* H4Label.swift */; };
		4826818B2645EBA80010543A /* CommandCollectionViewCell.swift in Sources */ = {isa = PBXBuildFile; fileRef = 482681682645EBA70010543A /* CommandCollectionViewCell.swift */; };
		4826818C2645EBA80010543A /* UsernameInputCollectionViewCell.swift in Sources */ = {isa = PBXBuildFile; fileRef = 482681692645EBA70010543A /* UsernameInputCollectionViewCell.swift */; };
		4826818D2645EBA80010543A /* SelectionCollectionViewCell.swift in Sources */ = {isa = PBXBuildFile; fileRef = 4826816A2645EBA70010543A /* SelectionCollectionViewCell.swift */; };
		4826818E2645EBA80010543A /* HorizontalStackView.swift in Sources */ = {isa = PBXBuildFile; fileRef = 4826816C2645EBA70010543A /* HorizontalStackView.swift */; };
		4826818F2645EBA80010543A /* UINavigationController+hideBarBackground.swift in Sources */ = {isa = PBXBuildFile; fileRef = 4826816D2645EBA70010543A /* UINavigationController+hideBarBackground.swift */; };
		482681902645EBA80010543A /* VerticalStackView.swift in Sources */ = {isa = PBXBuildFile; fileRef = 4826816E2645EBA70010543A /* VerticalStackView.swift */; };
		482681912645EBA80010543A /* UIView+ConstraintLayout.swift in Sources */ = {isa = PBXBuildFile; fileRef = 4826816F2645EBA70010543A /* UIView+ConstraintLayout.swift */; };
		482681922645EBA80010543A /* UIView+ConfigureLayout.swift in Sources */ = {isa = PBXBuildFile; fileRef = 482681702645EBA70010543A /* UIView+ConfigureLayout.swift */; };
		482681932645EBA80010543A /* SubButton.swift in Sources */ = {isa = PBXBuildFile; fileRef = 482681722645EBA70010543A /* SubButton.swift */; };
		482681942645EBA80010543A /* NextAndBackButtons.swift in Sources */ = {isa = PBXBuildFile; fileRef = 482681732645EBA70010543A /* NextAndBackButtons.swift */; };
		482681952645EBA80010543A /* MainButton.swift in Sources */ = {isa = PBXBuildFile; fileRef = 482681742645EBA70010543A /* MainButton.swift */; };
		482681962645EBA80010543A /* GeneticLabelCollectionReusableView.swift in Sources */ = {isa = PBXBuildFile; fileRef = 482681762645EBA70010543A /* GeneticLabelCollectionReusableView.swift */; };
		482681972645EBA80010543A /* CustomFont.swift in Sources */ = {isa = PBXBuildFile; fileRef = 482681782645EBA80010543A /* CustomFont.swift */; };
		482681982645EBA80010543A /* UIImage+append.swift in Sources */ = {isa = PBXBuildFile; fileRef = 4826817B2645EBA80010543A /* UIImage+append.swift */; };
		482681992645EBA80010543A /* IconType.swift in Sources */ = {isa = PBXBuildFile; fileRef = 4826817C2645EBA80010543A /* IconType.swift */; };
		4826819A2645EBA80010543A /* UserIdIconView.swift in Sources */ = {isa = PBXBuildFile; fileRef = 4826817D2645EBA80010543A /* UserIdIconView.swift */; };
		4826819B2645EBA80010543A /* IconSource.swift in Sources */ = {isa = PBXBuildFile; fileRef = 4826817E2645EBA80010543A /* IconSource.swift */; };
		4826819C2645EBA80010543A /* IconFactory.swift in Sources */ = {isa = PBXBuildFile; fileRef = 4826817F2645EBA80010543A /* IconFactory.swift */; };
		4826819D2645EBA80010543A /* CustomSegmentedView.swift in Sources */ = {isa = PBXBuildFile; fileRef = 482681812645EBA80010543A /* CustomSegmentedView.swift */; };
		48449FEB2671D47E007E569A /* MenuButton.swift in Sources */ = {isa = PBXBuildFile; fileRef = 48449FEA2671D47E007E569A /* MenuButton.swift */; };
		48449FED2671D6D2007E569A /* QueensGameViewControllerProtocol.swift in Sources */ = {isa = PBXBuildFile; fileRef = 48449FEC2671D6D2007E569A /* QueensGameViewControllerProtocol.swift */; };
		485635E2264369370043AF21 /* User.swift in Sources */ = {isa = PBXBuildFile; fileRef = 485635E1264369370043AF21 /* User.swift */; };
		485635E426436A420043AF21 /* Settings.swift in Sources */ = {isa = PBXBuildFile; fileRef = 485635E326436A420043AF21 /* Settings.swift */; };
		485635E626436FA40043AF21 /* GameManager.swift in Sources */ = {isa = PBXBuildFile; fileRef = 485635E526436FA40043AF21 /* GameManager.swift */; };
		485635E826437C3F0043AF21 /* Difficulty.swift in Sources */ = {isa = PBXBuildFile; fileRef = 485635E726437C3F0043AF21 /* Difficulty.swift */; };
		485635EA26437C7A0043AF21 /* CommandType.swift in Sources */ = {isa = PBXBuildFile; fileRef = 485635E926437C7A0043AF21 /* CommandType.swift */; };
		485635EC26437CED0043AF21 /* Command.swift in Sources */ = {isa = PBXBuildFile; fileRef = 485635EB26437CED0043AF21 /* Command.swift */; };
		485635EE26438A140043AF21 /* Section.swift in Sources */ = {isa = PBXBuildFile; fileRef = 485635ED26438A140043AF21 /* Section.swift */; };
		485635F026438AB80043AF21 /* Selection.swift in Sources */ = {isa = PBXBuildFile; fileRef = 485635EF26438AB80043AF21 /* Selection.swift */; };
		485635F226438F4F0043AF21 /* Item.swift in Sources */ = {isa = PBXBuildFile; fileRef = 485635F126438F4F0043AF21 /* Item.swift */; };
		487AF1E5264B977100663047 /* CommonCommandViewController+ScrollView.swift in Sources */ = {isa = PBXBuildFile; fileRef = 487AF1E4264B977100663047 /* CommonCommandViewController+ScrollView.swift */; };
		487AF1E7264B9A2900663047 /* CommonCommandViewController+SearchBar.swift in Sources */ = {isa = PBXBuildFile; fileRef = 487AF1E6264B9A2900663047 /* CommonCommandViewController+SearchBar.swift */; };
		487AF1EB264C61AF00663047 /* CommandViewModel.swift in Sources */ = {isa = PBXBuildFile; fileRef = 487AF1EA264C61AF00663047 /* CommandViewModel.swift */; };
		487AF1F0264CE75400663047 /* CommandSettingViewController.swift in Sources */ = {isa = PBXBuildFile; fileRef = 487AF1EF264CE75400663047 /* CommandSettingViewController.swift */; };
		487F4BDD268F99190064B7FA /* UIImage+Color.swift in Sources */ = {isa = PBXBuildFile; fileRef = 487F4BDC268F99180064B7FA /* UIImage+Color.swift */; };
		487F4BDF268F9C4F0064B7FA /* BackgroundImage.swift in Sources */ = {isa = PBXBuildFile; fileRef = 487F4BDE268F9C4F0064B7FA /* BackgroundImage.swift */; };
		4888CA012675FEB4005F8BBD /* BackgroundCreatorWithMenu.swift in Sources */ = {isa = PBXBuildFile; fileRef = 4888CA002675FEB4005F8BBD /* BackgroundCreatorWithMenu.swift */; };
		4892E020264A02D900C3EFB4 /* CommonCommandViewController+DataSource.swift in Sources */ = {isa = PBXBuildFile; fileRef = 4892E01F264A02D900C3EFB4 /* CommonCommandViewController+DataSource.swift */; };
		4892E022264A170300C3EFB4 /* CommonCommandViewController+Layout.swift in Sources */ = {isa = PBXBuildFile; fileRef = 4892E021264A170300C3EFB4 /* CommonCommandViewController+Layout.swift */; };
		48AE803E2640B26F00CBDB5E /* DemoViewController.swift in Sources */ = {isa = PBXBuildFile; fileRef = 48AE802C2640B26F00CBDB5E /* DemoViewController.swift */; };
		48AE803F2640B26F00CBDB5E /* DemoSearchViewController.swift in Sources */ = {isa = PBXBuildFile; fileRef = 48AE802E2640B26F00CBDB5E /* DemoSearchViewController.swift */; };
		48AE80402640B26F00CBDB5E /* DemoCellCVC+DataSource.swift in Sources */ = {isa = PBXBuildFile; fileRef = 48AE80302640B26F00CBDB5E /* DemoCellCVC+DataSource.swift */; };
		48AE80412640B26F00CBDB5E /* DemoCellCVC+Layout.swift in Sources */ = {isa = PBXBuildFile; fileRef = 48AE80312640B26F00CBDB5E /* DemoCellCVC+Layout.swift */; };
		48AE80422640B26F00CBDB5E /* DemoCellCollectionViewController.swift in Sources */ = {isa = PBXBuildFile; fileRef = 48AE80322640B26F00CBDB5E /* DemoCellCollectionViewController.swift */; };
		48AE80432640B26F00CBDB5E /* DemoButtonViewController.swift in Sources */ = {isa = PBXBuildFile; fileRef = 48AE80342640B26F00CBDB5E /* DemoButtonViewController.swift */; };
		48AE80442640B26F00CBDB5E /* DemoFontViewController.swift in Sources */ = {isa = PBXBuildFile; fileRef = 48AE80362640B26F00CBDB5E /* DemoFontViewController.swift */; };
		48AE80452640B26F00CBDB5E /* DemoIconViewController.swift in Sources */ = {isa = PBXBuildFile; fileRef = 48AE80382640B26F00CBDB5E /* DemoIconViewController.swift */; };
		48AE80462640B26F00CBDB5E /* DemoColorViewController.swift in Sources */ = {isa = PBXBuildFile; fileRef = 48AE803A2640B26F00CBDB5E /* DemoColorViewController.swift */; };
		48AE80472640B26F00CBDB5E /* DemoSectionItem.swift in Sources */ = {isa = PBXBuildFile; fileRef = 48AE803C2640B26F00CBDB5E /* DemoSectionItem.swift */; };
		48AE80482640B26F00CBDB5E /* DemoModels.swift in Sources */ = {isa = PBXBuildFile; fileRef = 48AE803D2640B26F00CBDB5E /* DemoModels.swift */; };
		48B11B2B269FA16E0069E29F /* Vibration.swift in Sources */ = {isa = PBXBuildFile; fileRef = 48B11B2A269FA16E0069E29F /* Vibration.swift */; };
		48C82A5C268406D4003F7851 /* CommandSelectionViewModel.swift in Sources */ = {isa = PBXBuildFile; fileRef = 48C82A5B268406D4003F7851 /* CommandSelectionViewModel.swift */; };
		48C9C556264A417400F61459 /* CommandHeaderCollectionReusableView.swift in Sources */ = {isa = PBXBuildFile; fileRef = 48C9C555264A417400F61459 /* CommandHeaderCollectionReusableView.swift */; };
		48DD334B2681218A00A2FC1B /* PopUpTransitioning.swift in Sources */ = {isa = PBXBuildFile; fileRef = 48DD334A2681218A00A2FC1B /* PopUpTransitioning.swift */; };
		48E54179267C48A300D891E1 /* DynamicHeightScrollView.swift in Sources */ = {isa = PBXBuildFile; fileRef = 48E54178267C48A300D891E1 /* DynamicHeightScrollView.swift */; };
		48E5417B267C741A00D891E1 /* CommandAttributeStackView.swift in Sources */ = {isa = PBXBuildFile; fileRef = 48E5417A267C741A00D891E1 /* CommandAttributeStackView.swift */; };
		48E5417D267D315700D891E1 /* ScreenSelectionViewController.swift in Sources */ = {isa = PBXBuildFile; fileRef = 48E5417C267D315700D891E1 /* ScreenSelectionViewController.swift */; };
		48E54180267D5EAD00D891E1 /* QueenGameCollectionViewProtocal.swift in Sources */ = {isa = PBXBuildFile; fileRef = 48E5417F267D5EAD00D891E1 /* QueenGameCollectionViewProtocal.swift */; };
		48E826D62697AFBF00AA3BFB /* Command+default.swift in Sources */ = {isa = PBXBuildFile; fileRef = 48E826D52697AFBF00AA3BFB /* Command+default.swift */; };
		48EBE7E02672974E00DAC164 /* UIImage+blend.swift in Sources */ = {isa = PBXBuildFile; fileRef = 48EBE7DF2672974E00DAC164 /* UIImage+blend.swift */; };
		48EECAE6265F6E5600B74066 /* UIButton+RxIsValid.swift in Sources */ = {isa = PBXBuildFile; fileRef = 48EECAE5265F6E5500B74066 /* UIButton+RxIsValid.swift */; };
		99655A9E23AAC208A3A831A5 /* Pods_Queens_game.framework in Frameworks */ = {isa = PBXBuildFile; fileRef = 7741296D6E1B0570961E4D89 /* Pods_Queens_game.framework */; };
/* End PBXBuildFile section */

/* Begin PBXFileReference section */
		0A04254B264F22460019AEC1 /* PlayerSelectionViewModel.swift */ = {isa = PBXFileReference; lastKnownFileType = sourcecode.swift; path = PlayerSelectionViewModel.swift; sourceTree = "<group>"; };
		0A04254D264FA8250019AEC1 /* EntryNameViewModel.swift */ = {isa = PBXFileReference; lastKnownFileType = sourcecode.swift; path = EntryNameViewModel.swift; sourceTree = "<group>"; };
		0A0425A126539E3A0019AEC1 /* EntryNameStackView.swift */ = {isa = PBXFileReference; lastKnownFileType = sourcecode.swift; path = EntryNameStackView.swift; sourceTree = "<group>"; };
		0A306FC625F7078B0059CDEE /* Queens-game.app */ = {isa = PBXFileReference; explicitFileType = wrapper.application; includeInIndex = 0; path = "Queens-game.app"; sourceTree = BUILT_PRODUCTS_DIR; };
		0A306FC925F7078B0059CDEE /* AppDelegate.swift */ = {isa = PBXFileReference; lastKnownFileType = sourcecode.swift; path = AppDelegate.swift; sourceTree = "<group>"; };
		0A306FCB25F7078B0059CDEE /* SceneDelegate.swift */ = {isa = PBXFileReference; lastKnownFileType = sourcecode.swift; path = SceneDelegate.swift; sourceTree = "<group>"; };
		0A306FD525F7078C0059CDEE /* Assets.xcassets */ = {isa = PBXFileReference; lastKnownFileType = folder.assetcatalog; path = Assets.xcassets; sourceTree = "<group>"; };
		0A306FD825F7078C0059CDEE /* Base */ = {isa = PBXFileReference; lastKnownFileType = file.storyboard; name = Base; path = Base.lproj/LaunchScreen.storyboard; sourceTree = "<group>"; };
		0A306FDA25F7078C0059CDEE /* Info.plist */ = {isa = PBXFileReference; lastKnownFileType = text.plist.xml; path = Info.plist; sourceTree = "<group>"; };
		0A3A62942638B1830082ACAE /* TopViewController.swift */ = {isa = PBXFileReference; lastKnownFileType = sourcecode.swift; path = TopViewController.swift; sourceTree = "<group>"; };
		0A3A62972638B3780082ACAE /* PlayerSelectionViewController.swift */ = {isa = PBXFileReference; lastKnownFileType = sourcecode.swift; path = PlayerSelectionViewController.swift; sourceTree = "<group>"; };
		0A3A62AE2638BC5A0082ACAE /* EntryNameViewController.swift */ = {isa = PBXFileReference; lastKnownFileType = sourcecode.swift; path = EntryNameViewController.swift; sourceTree = "<group>"; };
		0A3A62B72638BFC30082ACAE /* QueenSelectedViewController.swift */ = {isa = PBXFileReference; lastKnownFileType = sourcecode.swift; path = QueenSelectedViewController.swift; sourceTree = "<group>"; };
		0A3A62BB2638C0580082ACAE /* CommandSelectionViewController.swift */ = {isa = PBXFileReference; lastKnownFileType = sourcecode.swift; path = CommandSelectionViewController.swift; sourceTree = "<group>"; };
		0A3A62C02638C12A0082ACAE /* CommandManualSelectingViewController.swift */ = {isa = PBXFileReference; lastKnownFileType = sourcecode.swift; path = CommandManualSelectingViewController.swift; sourceTree = "<group>"; };
		0A3A62C42638C1AB0082ACAE /* CommandConfirmationViewController.swift */ = {isa = PBXFileReference; lastKnownFileType = sourcecode.swift; path = CommandConfirmationViewController.swift; sourceTree = "<group>"; };
		0A3A62CD2638C3310082ACAE /* CitizenSelectedViewController.swift */ = {isa = PBXFileReference; lastKnownFileType = sourcecode.swift; path = CitizenSelectedViewController.swift; sourceTree = "<group>"; };
		0A3A62D32638C3AA0082ACAE /* ResultViewController.swift */ = {isa = PBXFileReference; lastKnownFileType = sourcecode.swift; path = ResultViewController.swift; sourceTree = "<group>"; };
		0A3A62D82638CF960082ACAE /* CommonCommandViewController.swift */ = {isa = PBXFileReference; lastKnownFileType = sourcecode.swift; path = CommonCommandViewController.swift; sourceTree = "<group>"; };
		0A3A62DC2638D19B0082ACAE /* CommandEditViewController.swift */ = {isa = PBXFileReference; lastKnownFileType = sourcecode.swift; path = CommandEditViewController.swift; sourceTree = "<group>"; };
		0A3A62E22638D3320082ACAE /* MenuViewController.swift */ = {isa = PBXFileReference; lastKnownFileType = sourcecode.swift; path = MenuViewController.swift; sourceTree = "<group>"; };
		0A3A62EC2638D47A0082ACAE /* SettingsViewController.swift */ = {isa = PBXFileReference; lastKnownFileType = sourcecode.swift; path = SettingsViewController.swift; sourceTree = "<group>"; };
		0A3A62F02638D7B60082ACAE /* ExitAlertViewController.swift */ = {isa = PBXFileReference; lastKnownFileType = sourcecode.swift; path = ExitAlertViewController.swift; sourceTree = "<group>"; };
		0A85DFD9265B1AFA00F662B5 /* QueenSelectedViewModel.swift */ = {isa = PBXFileReference; lastKnownFileType = sourcecode.swift; path = QueenSelectedViewModel.swift; sourceTree = "<group>"; };
		0AD08A9E26486F5900654A05 /* QueenSelectionViewController.swift */ = {isa = PBXFileReference; lastKnownFileType = sourcecode.swift; path = QueenSelectionViewController.swift; sourceTree = "<group>"; };
		0AD08AA62649FBC500654A05 /* Constant.swift */ = {isa = PBXFileReference; lastKnownFileType = sourcecode.swift; path = Constant.swift; sourceTree = "<group>"; };
		0AD08ACE264A6F1900654A05 /* QueensGameSelectionProtocol.swift */ = {isa = PBXFileReference; lastKnownFileType = sourcecode.swift; path = QueensGameSelectionProtocol.swift; sourceTree = "<group>"; };
		0AD08AD0264A6FD100654A05 /* QueensGameSelectionProtocol+Layout.swift */ = {isa = PBXFileReference; lastKnownFileType = sourcecode.swift; path = "QueensGameSelectionProtocol+Layout.swift"; sourceTree = "<group>"; };
		0AD08AD2264A700B00654A05 /* QueensGameSelectionProtocol+DataSource.swift */ = {isa = PBXFileReference; lastKnownFileType = sourcecode.swift; path = "QueensGameSelectionProtocol+DataSource.swift"; sourceTree = "<group>"; };
		0AD08AD4264A7CD700654A05 /* QueenSelectionViewModel.swift */ = {isa = PBXFileReference; lastKnownFileType = sourcecode.swift; path = QueenSelectionViewModel.swift; sourceTree = "<group>"; };
		3B7981A2264F09A9002D2F71 /* CitizenSelectedViewModel.swift */ = {isa = PBXFileReference; lastKnownFileType = sourcecode.swift; path = CitizenSelectedViewModel.swift; sourceTree = "<group>"; };
		3B7981C4264F8C66002D2F71 /* CountdownStackView.swift */ = {isa = PBXFileReference; lastKnownFileType = sourcecode.swift; path = CountdownStackView.swift; sourceTree = "<group>"; };
		3B93A6F22648A4F1009FB008 /* SettingsViewModel.swift */ = {isa = PBXFileReference; lastKnownFileType = sourcecode.swift; path = SettingsViewModel.swift; sourceTree = "<group>"; };
		3B93A6F62648AD8E009FB008 /* SettingsStackView.swift */ = {isa = PBXFileReference; lastKnownFileType = sourcecode.swift; path = SettingsStackView.swift; sourceTree = "<group>"; };
		3B9E940B2650610A003207F7 /* Executor.swift */ = {isa = PBXFileReference; lastKnownFileType = sourcecode.swift; path = Executor.swift; sourceTree = "<group>"; };
		480952A22675DACA00A39166 /* BackgroundCreatorPlain.swift */ = {isa = PBXFileReference; lastKnownFileType = sourcecode.swift; path = BackgroundCreatorPlain.swift; sourceTree = "<group>"; };
		4814766126901CF700271645 /* QueensGameButton.swift */ = {isa = PBXFileReference; lastKnownFileType = sourcecode.swift; path = QueensGameButton.swift; sourceTree = "<group>"; };
		481476632692D5C600271645 /* ResultViewModel.swift */ = {isa = PBXFileReference; lastKnownFileType = sourcecode.swift; path = ResultViewModel.swift; sourceTree = "<group>"; };
		481476652692D7EA00271645 /* ScreenSelectionViewModel.swift */ = {isa = PBXFileReference; lastKnownFileType = sourcecode.swift; path = ScreenSelectionViewModel.swift; sourceTree = "<group>"; };
		481BA69F269988C600F5D5F2 /* QueenBeforeSelectionViewController.swift */ = {isa = PBXFileReference; lastKnownFileType = sourcecode.swift; path = QueenBeforeSelectionViewController.swift; sourceTree = "<group>"; };
		481BA6A12699893500F5D5F2 /* QueenBeforeSelectionViewModel.swift */ = {isa = PBXFileReference; lastKnownFileType = sourcecode.swift; path = QueenBeforeSelectionViewModel.swift; sourceTree = "<group>"; };
		481C2CB2267AF390003975FF /* BackgroundCreatorWithClose.swift */ = {isa = PBXFileReference; lastKnownFileType = sourcecode.swift; path = BackgroundCreatorWithClose.swift; sourceTree = "<group>"; };
		481C2CB4267AF5A1003975FF /* CloseButton.swift */ = {isa = PBXFileReference; lastKnownFileType = sourcecode.swift; path = CloseButton.swift; sourceTree = "<group>"; };
		481CA3FF2689811800ADF48A /* MenuViewModel.swift */ = {isa = PBXFileReference; lastKnownFileType = sourcecode.swift; path = MenuViewModel.swift; sourceTree = "<group>"; };
		481CA4012689928B00ADF48A /* LoadingView.swift */ = {isa = PBXFileReference; lastKnownFileType = sourcecode.swift; path = LoadingView.swift; sourceTree = "<group>"; };
		481CA404268AEDE300ADF48A /* WebViewViewController.swift */ = {isa = PBXFileReference; lastKnownFileType = sourcecode.swift; path = WebViewViewController.swift; sourceTree = "<group>"; };
		4826815C2645EBA70010543A /* UISearchBar+configLayout.swift */ = {isa = PBXFileReference; fileEncoding = 4; lastKnownFileType = sourcecode.swift; path = "UISearchBar+configLayout.swift"; sourceTree = "<group>"; };
		4826815D2645EBA70010543A /* CustomSearchBar.swift */ = {isa = PBXFileReference; fileEncoding = 4; lastKnownFileType = sourcecode.swift; path = CustomSearchBar.swift; sourceTree = "<group>"; };
		4826815F2645EBA70010543A /* CustomColor.swift */ = {isa = PBXFileReference; fileEncoding = 4; lastKnownFileType = sourcecode.swift; path = CustomColor.swift; sourceTree = "<group>"; };
		482681602645EBA70010543A /* UIColor+Hex.swift */ = {isa = PBXFileReference; fileEncoding = 4; lastKnownFileType = sourcecode.swift; path = "UIColor+Hex.swift"; sourceTree = "<group>"; };
		482681622645EBA70010543A /* H2Label.swift */ = {isa = PBXFileReference; fileEncoding = 4; lastKnownFileType = sourcecode.swift; path = H2Label.swift; sourceTree = "<group>"; };
		482681632645EBA70010543A /* PLabel.swift */ = {isa = PBXFileReference; fileEncoding = 4; lastKnownFileType = sourcecode.swift; path = PLabel.swift; sourceTree = "<group>"; };
		482681642645EBA70010543A /* H3Label.swift */ = {isa = PBXFileReference; fileEncoding = 4; lastKnownFileType = sourcecode.swift; path = H3Label.swift; sourceTree = "<group>"; };
		482681652645EBA70010543A /* H1Label.swift */ = {isa = PBXFileReference; fileEncoding = 4; lastKnownFileType = sourcecode.swift; path = H1Label.swift; sourceTree = "<group>"; };
		482681662645EBA70010543A /* H4Label.swift */ = {isa = PBXFileReference; fileEncoding = 4; lastKnownFileType = sourcecode.swift; path = H4Label.swift; sourceTree = "<group>"; };
		482681682645EBA70010543A /* CommandCollectionViewCell.swift */ = {isa = PBXFileReference; fileEncoding = 4; lastKnownFileType = sourcecode.swift; path = CommandCollectionViewCell.swift; sourceTree = "<group>"; };
		482681692645EBA70010543A /* UsernameInputCollectionViewCell.swift */ = {isa = PBXFileReference; fileEncoding = 4; lastKnownFileType = sourcecode.swift; path = UsernameInputCollectionViewCell.swift; sourceTree = "<group>"; };
		4826816A2645EBA70010543A /* SelectionCollectionViewCell.swift */ = {isa = PBXFileReference; fileEncoding = 4; lastKnownFileType = sourcecode.swift; path = SelectionCollectionViewCell.swift; sourceTree = "<group>"; };
		4826816C2645EBA70010543A /* HorizontalStackView.swift */ = {isa = PBXFileReference; fileEncoding = 4; lastKnownFileType = sourcecode.swift; path = HorizontalStackView.swift; sourceTree = "<group>"; };
		4826816D2645EBA70010543A /* UINavigationController+hideBarBackground.swift */ = {isa = PBXFileReference; fileEncoding = 4; lastKnownFileType = sourcecode.swift; path = "UINavigationController+hideBarBackground.swift"; sourceTree = "<group>"; };
		4826816E2645EBA70010543A /* VerticalStackView.swift */ = {isa = PBXFileReference; fileEncoding = 4; lastKnownFileType = sourcecode.swift; path = VerticalStackView.swift; sourceTree = "<group>"; };
		4826816F2645EBA70010543A /* UIView+ConstraintLayout.swift */ = {isa = PBXFileReference; fileEncoding = 4; lastKnownFileType = sourcecode.swift; path = "UIView+ConstraintLayout.swift"; sourceTree = "<group>"; };
		482681702645EBA70010543A /* UIView+ConfigureLayout.swift */ = {isa = PBXFileReference; fileEncoding = 4; lastKnownFileType = sourcecode.swift; path = "UIView+ConfigureLayout.swift"; sourceTree = "<group>"; };
		482681722645EBA70010543A /* SubButton.swift */ = {isa = PBXFileReference; fileEncoding = 4; lastKnownFileType = sourcecode.swift; path = SubButton.swift; sourceTree = "<group>"; };
		482681732645EBA70010543A /* NextAndBackButtons.swift */ = {isa = PBXFileReference; fileEncoding = 4; lastKnownFileType = sourcecode.swift; path = NextAndBackButtons.swift; sourceTree = "<group>"; };
		482681742645EBA70010543A /* MainButton.swift */ = {isa = PBXFileReference; fileEncoding = 4; lastKnownFileType = sourcecode.swift; path = MainButton.swift; sourceTree = "<group>"; };
		482681762645EBA70010543A /* GeneticLabelCollectionReusableView.swift */ = {isa = PBXFileReference; fileEncoding = 4; lastKnownFileType = sourcecode.swift; path = GeneticLabelCollectionReusableView.swift; sourceTree = "<group>"; };
		482681782645EBA80010543A /* CustomFont.swift */ = {isa = PBXFileReference; fileEncoding = 4; lastKnownFileType = sourcecode.swift; path = CustomFont.swift; sourceTree = "<group>"; };
		4826817B2645EBA80010543A /* UIImage+append.swift */ = {isa = PBXFileReference; fileEncoding = 4; lastKnownFileType = sourcecode.swift; path = "UIImage+append.swift"; sourceTree = "<group>"; };
		4826817C2645EBA80010543A /* IconType.swift */ = {isa = PBXFileReference; fileEncoding = 4; lastKnownFileType = sourcecode.swift; path = IconType.swift; sourceTree = "<group>"; };
		4826817D2645EBA80010543A /* UserIdIconView.swift */ = {isa = PBXFileReference; fileEncoding = 4; lastKnownFileType = sourcecode.swift; path = UserIdIconView.swift; sourceTree = "<group>"; };
		4826817E2645EBA80010543A /* IconSource.swift */ = {isa = PBXFileReference; fileEncoding = 4; lastKnownFileType = sourcecode.swift; path = IconSource.swift; sourceTree = "<group>"; };
		4826817F2645EBA80010543A /* IconFactory.swift */ = {isa = PBXFileReference; fileEncoding = 4; lastKnownFileType = sourcecode.swift; path = IconFactory.swift; sourceTree = "<group>"; };
		482681812645EBA80010543A /* CustomSegmentedView.swift */ = {isa = PBXFileReference; fileEncoding = 4; lastKnownFileType = sourcecode.swift; path = CustomSegmentedView.swift; sourceTree = "<group>"; };
		48449FEA2671D47E007E569A /* MenuButton.swift */ = {isa = PBXFileReference; lastKnownFileType = sourcecode.swift; path = MenuButton.swift; sourceTree = "<group>"; };
		48449FEC2671D6D2007E569A /* QueensGameViewControllerProtocol.swift */ = {isa = PBXFileReference; lastKnownFileType = sourcecode.swift; path = QueensGameViewControllerProtocol.swift; sourceTree = "<group>"; };
		485635E1264369370043AF21 /* User.swift */ = {isa = PBXFileReference; lastKnownFileType = sourcecode.swift; path = User.swift; sourceTree = "<group>"; };
		485635E326436A420043AF21 /* Settings.swift */ = {isa = PBXFileReference; lastKnownFileType = sourcecode.swift; path = Settings.swift; sourceTree = "<group>"; };
		485635E526436FA40043AF21 /* GameManager.swift */ = {isa = PBXFileReference; lastKnownFileType = sourcecode.swift; path = GameManager.swift; sourceTree = "<group>"; };
		485635E726437C3F0043AF21 /* Difficulty.swift */ = {isa = PBXFileReference; lastKnownFileType = sourcecode.swift; path = Difficulty.swift; sourceTree = "<group>"; };
		485635E926437C7A0043AF21 /* CommandType.swift */ = {isa = PBXFileReference; lastKnownFileType = sourcecode.swift; path = CommandType.swift; sourceTree = "<group>"; };
		485635EB26437CED0043AF21 /* Command.swift */ = {isa = PBXFileReference; lastKnownFileType = sourcecode.swift; path = Command.swift; sourceTree = "<group>"; };
		485635ED26438A140043AF21 /* Section.swift */ = {isa = PBXFileReference; lastKnownFileType = sourcecode.swift; path = Section.swift; sourceTree = "<group>"; };
		485635EF26438AB80043AF21 /* Selection.swift */ = {isa = PBXFileReference; lastKnownFileType = sourcecode.swift; path = Selection.swift; sourceTree = "<group>"; };
		485635F126438F4F0043AF21 /* Item.swift */ = {isa = PBXFileReference; lastKnownFileType = sourcecode.swift; path = Item.swift; sourceTree = "<group>"; };
		487AF1E4264B977100663047 /* CommonCommandViewController+ScrollView.swift */ = {isa = PBXFileReference; lastKnownFileType = sourcecode.swift; path = "CommonCommandViewController+ScrollView.swift"; sourceTree = "<group>"; };
		487AF1E6264B9A2900663047 /* CommonCommandViewController+SearchBar.swift */ = {isa = PBXFileReference; lastKnownFileType = sourcecode.swift; path = "CommonCommandViewController+SearchBar.swift"; sourceTree = "<group>"; };
		487AF1EA264C61AF00663047 /* CommandViewModel.swift */ = {isa = PBXFileReference; lastKnownFileType = sourcecode.swift; path = CommandViewModel.swift; sourceTree = "<group>"; };
		487AF1EF264CE75400663047 /* CommandSettingViewController.swift */ = {isa = PBXFileReference; lastKnownFileType = sourcecode.swift; path = CommandSettingViewController.swift; sourceTree = "<group>"; };
		487F4BDC268F99180064B7FA /* UIImage+Color.swift */ = {isa = PBXFileReference; lastKnownFileType = sourcecode.swift; path = "UIImage+Color.swift"; sourceTree = "<group>"; };
		487F4BDE268F9C4F0064B7FA /* BackgroundImage.swift */ = {isa = PBXFileReference; lastKnownFileType = sourcecode.swift; path = BackgroundImage.swift; sourceTree = "<group>"; };
		4888CA002675FEB4005F8BBD /* BackgroundCreatorWithMenu.swift */ = {isa = PBXFileReference; lastKnownFileType = sourcecode.swift; path = BackgroundCreatorWithMenu.swift; sourceTree = "<group>"; };
		4892E01F264A02D900C3EFB4 /* CommonCommandViewController+DataSource.swift */ = {isa = PBXFileReference; lastKnownFileType = sourcecode.swift; path = "CommonCommandViewController+DataSource.swift"; sourceTree = "<group>"; };
		4892E021264A170300C3EFB4 /* CommonCommandViewController+Layout.swift */ = {isa = PBXFileReference; lastKnownFileType = sourcecode.swift; path = "CommonCommandViewController+Layout.swift"; sourceTree = "<group>"; };
		48AE802C2640B26F00CBDB5E /* DemoViewController.swift */ = {isa = PBXFileReference; fileEncoding = 4; lastKnownFileType = sourcecode.swift; path = DemoViewController.swift; sourceTree = "<group>"; };
		48AE802E2640B26F00CBDB5E /* DemoSearchViewController.swift */ = {isa = PBXFileReference; fileEncoding = 4; lastKnownFileType = sourcecode.swift; path = DemoSearchViewController.swift; sourceTree = "<group>"; };
		48AE80302640B26F00CBDB5E /* DemoCellCVC+DataSource.swift */ = {isa = PBXFileReference; fileEncoding = 4; lastKnownFileType = sourcecode.swift; path = "DemoCellCVC+DataSource.swift"; sourceTree = "<group>"; };
		48AE80312640B26F00CBDB5E /* DemoCellCVC+Layout.swift */ = {isa = PBXFileReference; fileEncoding = 4; lastKnownFileType = sourcecode.swift; path = "DemoCellCVC+Layout.swift"; sourceTree = "<group>"; };
		48AE80322640B26F00CBDB5E /* DemoCellCollectionViewController.swift */ = {isa = PBXFileReference; fileEncoding = 4; lastKnownFileType = sourcecode.swift; path = DemoCellCollectionViewController.swift; sourceTree = "<group>"; };
		48AE80342640B26F00CBDB5E /* DemoButtonViewController.swift */ = {isa = PBXFileReference; fileEncoding = 4; lastKnownFileType = sourcecode.swift; path = DemoButtonViewController.swift; sourceTree = "<group>"; };
		48AE80362640B26F00CBDB5E /* DemoFontViewController.swift */ = {isa = PBXFileReference; fileEncoding = 4; lastKnownFileType = sourcecode.swift; path = DemoFontViewController.swift; sourceTree = "<group>"; };
		48AE80382640B26F00CBDB5E /* DemoIconViewController.swift */ = {isa = PBXFileReference; fileEncoding = 4; lastKnownFileType = sourcecode.swift; path = DemoIconViewController.swift; sourceTree = "<group>"; };
		48AE803A2640B26F00CBDB5E /* DemoColorViewController.swift */ = {isa = PBXFileReference; fileEncoding = 4; lastKnownFileType = sourcecode.swift; path = DemoColorViewController.swift; sourceTree = "<group>"; };
		48AE803C2640B26F00CBDB5E /* DemoSectionItem.swift */ = {isa = PBXFileReference; fileEncoding = 4; lastKnownFileType = sourcecode.swift; path = DemoSectionItem.swift; sourceTree = "<group>"; };
		48AE803D2640B26F00CBDB5E /* DemoModels.swift */ = {isa = PBXFileReference; fileEncoding = 4; lastKnownFileType = sourcecode.swift; path = DemoModels.swift; sourceTree = "<group>"; };
		48B11B2A269FA16E0069E29F /* Vibration.swift */ = {isa = PBXFileReference; lastKnownFileType = sourcecode.swift; path = Vibration.swift; sourceTree = "<group>"; };
		48C82A5B268406D4003F7851 /* CommandSelectionViewModel.swift */ = {isa = PBXFileReference; lastKnownFileType = sourcecode.swift; path = CommandSelectionViewModel.swift; sourceTree = "<group>"; };
		48C9C555264A417400F61459 /* CommandHeaderCollectionReusableView.swift */ = {isa = PBXFileReference; lastKnownFileType = sourcecode.swift; path = CommandHeaderCollectionReusableView.swift; sourceTree = "<group>"; };
		48DD334A2681218A00A2FC1B /* PopUpTransitioning.swift */ = {isa = PBXFileReference; lastKnownFileType = sourcecode.swift; path = PopUpTransitioning.swift; sourceTree = "<group>"; };
		48E54178267C48A300D891E1 /* DynamicHeightScrollView.swift */ = {isa = PBXFileReference; lastKnownFileType = sourcecode.swift; path = DynamicHeightScrollView.swift; sourceTree = "<group>"; };
		48E5417A267C741A00D891E1 /* CommandAttributeStackView.swift */ = {isa = PBXFileReference; lastKnownFileType = sourcecode.swift; path = CommandAttributeStackView.swift; sourceTree = "<group>"; };
		48E5417C267D315700D891E1 /* ScreenSelectionViewController.swift */ = {isa = PBXFileReference; lastKnownFileType = sourcecode.swift; path = ScreenSelectionViewController.swift; sourceTree = "<group>"; };
		48E5417F267D5EAD00D891E1 /* QueenGameCollectionViewProtocal.swift */ = {isa = PBXFileReference; lastKnownFileType = sourcecode.swift; path = QueenGameCollectionViewProtocal.swift; sourceTree = "<group>"; };
		48E826D52697AFBF00AA3BFB /* Command+default.swift */ = {isa = PBXFileReference; lastKnownFileType = sourcecode.swift; path = "Command+default.swift"; sourceTree = "<group>"; };
		48EBE7DF2672974E00DAC164 /* UIImage+blend.swift */ = {isa = PBXFileReference; lastKnownFileType = sourcecode.swift; path = "UIImage+blend.swift"; sourceTree = "<group>"; };
		48EECAE5265F6E5500B74066 /* UIButton+RxIsValid.swift */ = {isa = PBXFileReference; lastKnownFileType = sourcecode.swift; path = "UIButton+RxIsValid.swift"; sourceTree = "<group>"; };
		70A0E9A6E9035114D263CFA8 /* Pods-Queens-game.release.xcconfig */ = {isa = PBXFileReference; includeInIndex = 1; lastKnownFileType = text.xcconfig; name = "Pods-Queens-game.release.xcconfig"; path = "Target Support Files/Pods-Queens-game/Pods-Queens-game.release.xcconfig"; sourceTree = "<group>"; };
		7741296D6E1B0570961E4D89 /* Pods_Queens_game.framework */ = {isa = PBXFileReference; explicitFileType = wrapper.framework; includeInIndex = 0; path = Pods_Queens_game.framework; sourceTree = BUILT_PRODUCTS_DIR; };
		BA9CF4C862F24BBA9ED313FA /* Pods-Queens-game.debug.xcconfig */ = {isa = PBXFileReference; includeInIndex = 1; lastKnownFileType = text.xcconfig; name = "Pods-Queens-game.debug.xcconfig"; path = "Target Support Files/Pods-Queens-game/Pods-Queens-game.debug.xcconfig"; sourceTree = "<group>"; };
/* End PBXFileReference section */

/* Begin PBXFrameworksBuildPhase section */
		0A306FC325F7078B0059CDEE /* Frameworks */ = {
			isa = PBXFrameworksBuildPhase;
			buildActionMask = 2147483647;
			files = (
				99655A9E23AAC208A3A831A5 /* Pods_Queens_game.framework in Frameworks */,
			);
			runOnlyForDeploymentPostprocessing = 0;
		};
/* End PBXFrameworksBuildPhase section */

/* Begin PBXGroup section */
		002115034286E08805F36B5C /* Frameworks */ = {
			isa = PBXGroup;
			children = (
				7741296D6E1B0570961E4D89 /* Pods_Queens_game.framework */,
			);
			name = Frameworks;
			sourceTree = "<group>";
		};
		0A306FBD25F7078B0059CDEE = {
			isa = PBXGroup;
			children = (
				947E72FD06C84FBAA1E7B9CC /* Pods */,
				0A306FC725F7078B0059CDEE /* Products */,
				0A306FC825F7078B0059CDEE /* Queens-game */,
				002115034286E08805F36B5C /* Frameworks */,
			);
			sourceTree = "<group>";
		};
		0A306FC725F7078B0059CDEE /* Products */ = {
			isa = PBXGroup;
			children = (
				0A306FC625F7078B0059CDEE /* Queens-game.app */,
			);
			name = Products;
			sourceTree = "<group>";
		};
		0A306FC825F7078B0059CDEE /* Queens-game */ = {
			isa = PBXGroup;
			children = (
				0A3A627A2637A2F30082ACAE /* Content */,
				0A3A62792637A2C50082ACAE /* Extention, Support */,
				0A3A627426379D2B0082ACAE /* Model */,
				0A3A627C2637A5450082ACAE /* Support */,
				4826815A2645EBA70010543A /* UIComponents */,
			);
			path = "Queens-game";
			sourceTree = "<group>";
		};
		0A3A627426379D2B0082ACAE /* Model */ = {
			isa = PBXGroup;
			children = (
				485635EB26437CED0043AF21 /* Command.swift */,
				48E826D52697AFBF00AA3BFB /* Command+default.swift */,
				485635E926437C7A0043AF21 /* CommandType.swift */,
				485635E726437C3F0043AF21 /* Difficulty.swift */,
				3B9E940B2650610A003207F7 /* Executor.swift */,
				485635E526436FA40043AF21 /* GameManager.swift */,
				485635F126438F4F0043AF21 /* Item.swift */,
				485635ED26438A140043AF21 /* Section.swift */,
				485635EF26438AB80043AF21 /* Selection.swift */,
				485635E326436A420043AF21 /* Settings.swift */,
				485635E1264369370043AF21 /* User.swift */,
			);
			path = Model;
			sourceTree = "<group>";
		};
		0A3A62792637A2C50082ACAE /* Extention, Support */ = {
			isa = PBXGroup;
			children = (
				0AD08AA62649FBC500654A05 /* Constant.swift */,
				48B11B2A269FA16E0069E29F /* Vibration.swift */,
			);
			path = "Extention, Support";
			sourceTree = "<group>";
		};
		0A3A627A2637A2F30082ACAE /* Content */ = {
			isa = PBXGroup;
			children = (
				0A3A62932638B1610082ACAE /* Top */,
				0A3A629A2638B3880082ACAE /* PlayerSelection */,
				0A3A629D2638B8A50082ACAE /* EntryName */,
				481BA69E2699888400F5D5F2 /* QueenBeforeSelection */,
				0A3A62A32638BB8A0082ACAE /* QueenSelection */,
				0A3A62AD2638BC2B0082ACAE /* QueenSelected */,
				0A3A62BA2638C01A0082ACAE /* CommandSelection */,
				0A3A62BF2638C10F0082ACAE /* CommandManualSelecting */,
				0A3A62C32638C1850082ACAE /* CommandConfirmation */,
				0A3A62CC2638C3270082ACAE /* CitizenSelected */,
				0A3A62D22638C3950082ACAE /* Result */,
				48E5417E267D44B700D891E1 /* ScreenSelection */,
				0A3A62E12638D3110082ACAE /* Menu */,
				0A3A62EF2638D7980082ACAE /* ExitAlert */,
				0A3A62D72638CF6B0082ACAE /* CommandSetting */,
				0A3A62DF2638D1A20082ACAE /* CommandEdit */,
				0A3A62EB2638D4650082ACAE /* Settings */,
				481CA403268AED9D00ADF48A /* WebView */,
				48EBE7E22673429900DAC164 /* Common */,
			);
			path = Content;
			sourceTree = "<group>";
		};
		0A3A627C2637A5450082ACAE /* Support */ = {
			isa = PBXGroup;
			children = (
				0A306FDA25F7078C0059CDEE /* Info.plist */,
				0A306FC925F7078B0059CDEE /* AppDelegate.swift */,
				0A306FD525F7078C0059CDEE /* Assets.xcassets */,
				48AE80292640B26F00CBDB5E /* Demo */,
				0A306FD725F7078C0059CDEE /* LaunchScreen.storyboard */,
				0A306FCB25F7078B0059CDEE /* SceneDelegate.swift */,
			);
			path = Support;
			sourceTree = "<group>";
		};
		0A3A62932638B1610082ACAE /* Top */ = {
			isa = PBXGroup;
			children = (
				0A3A62942638B1830082ACAE /* TopViewController.swift */,
			);
			path = Top;
			sourceTree = "<group>";
		};
		0A3A629A2638B3880082ACAE /* PlayerSelection */ = {
			isa = PBXGroup;
			children = (
				0A3A62972638B3780082ACAE /* PlayerSelectionViewController.swift */,
				0A04254B264F22460019AEC1 /* PlayerSelectionViewModel.swift */,
			);
			path = PlayerSelection;
			sourceTree = "<group>";
		};
		0A3A629D2638B8A50082ACAE /* EntryName */ = {
			isa = PBXGroup;
			children = (
				0A3A62AE2638BC5A0082ACAE /* EntryNameViewController.swift */,
				0A04254D264FA8250019AEC1 /* EntryNameViewModel.swift */,
			);
			path = EntryName;
			sourceTree = "<group>";
		};
		0A3A62A32638BB8A0082ACAE /* QueenSelection */ = {
			isa = PBXGroup;
			children = (
				0AD08A9E26486F5900654A05 /* QueenSelectionViewController.swift */,
				0AD08AD4264A7CD700654A05 /* QueenSelectionViewModel.swift */,
			);
			path = QueenSelection;
			sourceTree = "<group>";
		};
		0A3A62AD2638BC2B0082ACAE /* QueenSelected */ = {
			isa = PBXGroup;
			children = (
				0A3A62B72638BFC30082ACAE /* QueenSelectedViewController.swift */,
				0A85DFD9265B1AFA00F662B5 /* QueenSelectedViewModel.swift */,
			);
			path = QueenSelected;
			sourceTree = "<group>";
		};
		0A3A62BA2638C01A0082ACAE /* CommandSelection */ = {
			isa = PBXGroup;
			children = (
				0A3A62BB2638C0580082ACAE /* CommandSelectionViewController.swift */,
				48C82A5B268406D4003F7851 /* CommandSelectionViewModel.swift */,
			);
			path = CommandSelection;
			sourceTree = "<group>";
		};
		0A3A62BF2638C10F0082ACAE /* CommandManualSelecting */ = {
			isa = PBXGroup;
			children = (
				0A3A62C02638C12A0082ACAE /* CommandManualSelectingViewController.swift */,
			);
			path = CommandManualSelecting;
			sourceTree = "<group>";
		};
		0A3A62C32638C1850082ACAE /* CommandConfirmation */ = {
			isa = PBXGroup;
			children = (
				0A3A62C42638C1AB0082ACAE /* CommandConfirmationViewController.swift */,
			);
			path = CommandConfirmation;
			sourceTree = "<group>";
		};
		0A3A62CC2638C3270082ACAE /* CitizenSelected */ = {
			isa = PBXGroup;
			children = (
				0A3A62CD2638C3310082ACAE /* CitizenSelectedViewController.swift */,
				3B7981A2264F09A9002D2F71 /* CitizenSelectedViewModel.swift */,
			);
			path = CitizenSelected;
			sourceTree = "<group>";
		};
		0A3A62D22638C3950082ACAE /* Result */ = {
			isa = PBXGroup;
			children = (
				0A3A62D32638C3AA0082ACAE /* ResultViewController.swift */,
				481476632692D5C600271645 /* ResultViewModel.swift */,
			);
			path = Result;
			sourceTree = "<group>";
		};
		0A3A62D72638CF6B0082ACAE /* CommandSetting */ = {
			isa = PBXGroup;
			children = (
				487AF1EF264CE75400663047 /* CommandSettingViewController.swift */,
			);
			path = CommandSetting;
			sourceTree = "<group>";
		};
		0A3A62DF2638D1A20082ACAE /* CommandEdit */ = {
			isa = PBXGroup;
			children = (
				0A3A62DC2638D19B0082ACAE /* CommandEditViewController.swift */,
			);
			path = CommandEdit;
			sourceTree = "<group>";
		};
		0A3A62E12638D3110082ACAE /* Menu */ = {
			isa = PBXGroup;
			children = (
				0A3A62E22638D3320082ACAE /* MenuViewController.swift */,
				481CA3FF2689811800ADF48A /* MenuViewModel.swift */,
			);
			path = Menu;
			sourceTree = "<group>";
		};
		0A3A62EB2638D4650082ACAE /* Settings */ = {
			isa = PBXGroup;
			children = (
				0A3A62EC2638D47A0082ACAE /* SettingsViewController.swift */,
				3B93A6F22648A4F1009FB008 /* SettingsViewModel.swift */,
			);
			path = Settings;
			sourceTree = "<group>";
		};
		0A3A62EF2638D7980082ACAE /* ExitAlert */ = {
			isa = PBXGroup;
			children = (
				0A3A62F02638D7B60082ACAE /* ExitAlertViewController.swift */,
			);
			path = ExitAlert;
			sourceTree = "<group>";
		};
		3B7981C3264F8C2B002D2F71 /* Group */ = {
			isa = PBXGroup;
			children = (
				0A0425A126539E3A0019AEC1 /* EntryNameStackView.swift */,
				48E5417A267C741A00D891E1 /* CommandAttributeStackView.swift */,
				3B7981C4264F8C66002D2F71 /* CountdownStackView.swift */,
				3B93A6F62648AD8E009FB008 /* SettingsStackView.swift */,
			);
			path = Group;
			sourceTree = "<group>";
		};
		480952A12675DA1800A39166 /* Background */ = {
			isa = PBXGroup;
			children = (
				480952A22675DACA00A39166 /* BackgroundCreatorPlain.swift */,
				4888CA002675FEB4005F8BBD /* BackgroundCreatorWithMenu.swift */,
				481C2CB2267AF390003975FF /* BackgroundCreatorWithClose.swift */,
				487F4BDE268F9C4F0064B7FA /* BackgroundImage.swift */,
			);
			path = Background;
			sourceTree = "<group>";
		};
		481BA69E2699888400F5D5F2 /* QueenBeforeSelection */ = {
			isa = PBXGroup;
			children = (
				481BA69F269988C600F5D5F2 /* QueenBeforeSelectionViewController.swift */,
				481BA6A12699893500F5D5F2 /* QueenBeforeSelectionViewModel.swift */,
			);
			path = QueenBeforeSelection;
			sourceTree = "<group>";
		};
		481CA3FC2689449900ADF48A /* Transitioning */ = {
			isa = PBXGroup;
			children = (
				48DD334A2681218A00A2FC1B /* PopUpTransitioning.swift */,
				481CA4012689928B00ADF48A /* LoadingView.swift */,
			);
			path = Transitioning;
			sourceTree = "<group>";
		};
		481CA403268AED9D00ADF48A /* WebView */ = {
			isa = PBXGroup;
			children = (
				481CA404268AEDE300ADF48A /* WebViewViewController.swift */,
			);
			path = WebView;
			sourceTree = "<group>";
		};
		4826815A2645EBA70010543A /* UIComponents */ = {
			isa = PBXGroup;
			children = (
				481CA3FC2689449900ADF48A /* Transitioning */,
				480952A12675DA1800A39166 /* Background */,
				48EBE7DE2672972E00DAC164 /* Image */,
				482681712645EBA70010543A /* Button */,
				482681672645EBA70010543A /* Cell */,
				4826815E2645EBA70010543A /* Color */,
				482681772645EBA80010543A /* Font */,
				482681792645EBA80010543A /* Icons */,
				482681612645EBA70010543A /* Label */,
				4826815B2645EBA70010543A /* SearchBar */,
				482681802645EBA80010543A /* SegmentControl */,
				482681752645EBA70010543A /* SupplementaryView */,
				3B7981C3264F8C2B002D2F71 /* Group */,
				4826816B2645EBA70010543A /* Common */,
			);
			path = UIComponents;
			sourceTree = "<group>";
		};
		4826815B2645EBA70010543A /* SearchBar */ = {
			isa = PBXGroup;
			children = (
				4826815C2645EBA70010543A /* UISearchBar+configLayout.swift */,
				4826815D2645EBA70010543A /* CustomSearchBar.swift */,
			);
			path = SearchBar;
			sourceTree = "<group>";
		};
		4826815E2645EBA70010543A /* Color */ = {
			isa = PBXGroup;
			children = (
				4826815F2645EBA70010543A /* CustomColor.swift */,
				482681602645EBA70010543A /* UIColor+Hex.swift */,
			);
			path = Color;
			sourceTree = "<group>";
		};
		482681612645EBA70010543A /* Label */ = {
			isa = PBXGroup;
			children = (
				482681622645EBA70010543A /* H2Label.swift */,
				482681632645EBA70010543A /* PLabel.swift */,
				482681642645EBA70010543A /* H3Label.swift */,
				482681652645EBA70010543A /* H1Label.swift */,
				482681662645EBA70010543A /* H4Label.swift */,
			);
			path = Label;
			sourceTree = "<group>";
		};
		482681672645EBA70010543A /* Cell */ = {
			isa = PBXGroup;
			children = (
				482681682645EBA70010543A /* CommandCollectionViewCell.swift */,
				4826816A2645EBA70010543A /* SelectionCollectionViewCell.swift */,
				482681692645EBA70010543A /* UsernameInputCollectionViewCell.swift */,
			);
			path = Cell;
			sourceTree = "<group>";
		};
		4826816B2645EBA70010543A /* Common */ = {
			isa = PBXGroup;
			children = (
				48E54178267C48A300D891E1 /* DynamicHeightScrollView.swift */,
				4826816C2645EBA70010543A /* HorizontalStackView.swift */,
				4826816E2645EBA70010543A /* VerticalStackView.swift */,
				4826816D2645EBA70010543A /* UINavigationController+hideBarBackground.swift */,
				4826816F2645EBA70010543A /* UIView+ConstraintLayout.swift */,
				482681702645EBA70010543A /* UIView+ConfigureLayout.swift */,
			);
			path = Common;
			sourceTree = "<group>";
		};
		482681712645EBA70010543A /* Button */ = {
			isa = PBXGroup;
			children = (
				4814766126901CF700271645 /* QueensGameButton.swift */,
				482681742645EBA70010543A /* MainButton.swift */,
				482681722645EBA70010543A /* SubButton.swift */,
				482681732645EBA70010543A /* NextAndBackButtons.swift */,
				48EECAE5265F6E5500B74066 /* UIButton+RxIsValid.swift */,
				48449FEA2671D47E007E569A /* MenuButton.swift */,
				481C2CB4267AF5A1003975FF /* CloseButton.swift */,
			);
			path = Button;
			sourceTree = "<group>";
		};
		482681752645EBA70010543A /* SupplementaryView */ = {
			isa = PBXGroup;
			children = (
				482681762645EBA70010543A /* GeneticLabelCollectionReusableView.swift */,
				48C9C555264A417400F61459 /* CommandHeaderCollectionReusableView.swift */,
			);
			path = SupplementaryView;
			sourceTree = "<group>";
		};
		482681772645EBA80010543A /* Font */ = {
			isa = PBXGroup;
			children = (
				482681782645EBA80010543A /* CustomFont.swift */,
			);
			path = Font;
			sourceTree = "<group>";
		};
		482681792645EBA80010543A /* Icons */ = {
			isa = PBXGroup;
			children = (
				4826817C2645EBA80010543A /* IconType.swift */,
				4826817D2645EBA80010543A /* UserIdIconView.swift */,
				4826817E2645EBA80010543A /* IconSource.swift */,
				4826817F2645EBA80010543A /* IconFactory.swift */,
			);
			path = Icons;
			sourceTree = "<group>";
		};
		482681802645EBA80010543A /* SegmentControl */ = {
			isa = PBXGroup;
			children = (
				482681812645EBA80010543A /* CustomSegmentedView.swift */,
			);
			path = SegmentControl;
			sourceTree = "<group>";
		};
		487AF1EE264CE5D400663047 /* Command */ = {
			isa = PBXGroup;
			children = (
				0A3A62D82638CF960082ACAE /* CommonCommandViewController.swift */,
				4892E01F264A02D900C3EFB4 /* CommonCommandViewController+DataSource.swift */,
				4892E021264A170300C3EFB4 /* CommonCommandViewController+Layout.swift */,
				487AF1E4264B977100663047 /* CommonCommandViewController+ScrollView.swift */,
				487AF1E6264B9A2900663047 /* CommonCommandViewController+SearchBar.swift */,
				487AF1EA264C61AF00663047 /* CommandViewModel.swift */,
			);
			path = Command;
			sourceTree = "<group>";
		};
		48AE80292640B26F00CBDB5E /* Demo */ = {
			isa = PBXGroup;
			children = (
				48AE802A2640B26F00CBDB5E /* Contents */,
				48AE803B2640B26F00CBDB5E /* Models */,
			);
			path = Demo;
			sourceTree = "<group>";
		};
		48AE802A2640B26F00CBDB5E /* Contents */ = {
			isa = PBXGroup;
			children = (
				48AE80332640B26F00CBDB5E /* Button */,
				48AE802F2640B26F00CBDB5E /* Cell */,
				48AE80392640B26F00CBDB5E /* Color+UIView */,
				48AE80352640B26F00CBDB5E /* Font */,
				48AE80372640B26F00CBDB5E /* Icons */,
				48AE802D2640B26F00CBDB5E /* Search */,
				48AE802B2640B26F00CBDB5E /* Top */,
			);
			path = Contents;
			sourceTree = "<group>";
		};
		48AE802B2640B26F00CBDB5E /* Top */ = {
			isa = PBXGroup;
			children = (
				48AE802C2640B26F00CBDB5E /* DemoViewController.swift */,
			);
			path = Top;
			sourceTree = "<group>";
		};
		48AE802D2640B26F00CBDB5E /* Search */ = {
			isa = PBXGroup;
			children = (
				48AE802E2640B26F00CBDB5E /* DemoSearchViewController.swift */,
			);
			path = Search;
			sourceTree = "<group>";
		};
		48AE802F2640B26F00CBDB5E /* Cell */ = {
			isa = PBXGroup;
			children = (
				48AE80302640B26F00CBDB5E /* DemoCellCVC+DataSource.swift */,
				48AE80312640B26F00CBDB5E /* DemoCellCVC+Layout.swift */,
				48AE80322640B26F00CBDB5E /* DemoCellCollectionViewController.swift */,
			);
			path = Cell;
			sourceTree = "<group>";
		};
		48AE80332640B26F00CBDB5E /* Button */ = {
			isa = PBXGroup;
			children = (
				48AE80342640B26F00CBDB5E /* DemoButtonViewController.swift */,
			);
			path = Button;
			sourceTree = "<group>";
		};
		48AE80352640B26F00CBDB5E /* Font */ = {
			isa = PBXGroup;
			children = (
				48AE80362640B26F00CBDB5E /* DemoFontViewController.swift */,
			);
			path = Font;
			sourceTree = "<group>";
		};
		48AE80372640B26F00CBDB5E /* Icons */ = {
			isa = PBXGroup;
			children = (
				48AE80382640B26F00CBDB5E /* DemoIconViewController.swift */,
			);
			path = Icons;
			sourceTree = "<group>";
		};
		48AE80392640B26F00CBDB5E /* Color+UIView */ = {
			isa = PBXGroup;
			children = (
				48AE803A2640B26F00CBDB5E /* DemoColorViewController.swift */,
			);
			path = "Color+UIView";
			sourceTree = "<group>";
		};
		48AE803B2640B26F00CBDB5E /* Models */ = {
			isa = PBXGroup;
			children = (
				48AE803D2640B26F00CBDB5E /* DemoModels.swift */,
				48AE803C2640B26F00CBDB5E /* DemoSectionItem.swift */,
			);
			path = Models;
			sourceTree = "<group>";
		};
		48E5417E267D44B700D891E1 /* ScreenSelection */ = {
			isa = PBXGroup;
			children = (
				48E5417C267D315700D891E1 /* ScreenSelectionViewController.swift */,
				481476652692D7EA00271645 /* ScreenSelectionViewModel.swift */,
			);
			path = ScreenSelection;
			sourceTree = "<group>";
		};
		48EBE7DE2672972E00DAC164 /* Image */ = {
			isa = PBXGroup;
			children = (
				4826817B2645EBA80010543A /* UIImage+append.swift */,
				48EBE7DF2672974E00DAC164 /* UIImage+blend.swift */,
				487F4BDC268F99180064B7FA /* UIImage+Color.swift */,
			);
			path = Image;
			sourceTree = "<group>";
		};
		48EBE7E126731FFD00DAC164 /* Selection */ = {
			isa = PBXGroup;
			children = (
				0AD08ACE264A6F1900654A05 /* QueensGameSelectionProtocol.swift */,
				0AD08AD0264A6FD100654A05 /* QueensGameSelectionProtocol+Layout.swift */,
				0AD08AD2264A700B00654A05 /* QueensGameSelectionProtocol+DataSource.swift */,
			);
			path = Selection;
			sourceTree = "<group>";
		};
		48EBE7E22673429900DAC164 /* Common */ = {
			isa = PBXGroup;
			children = (
				487AF1EE264CE5D400663047 /* Command */,
				48EBE7E126731FFD00DAC164 /* Selection */,
				48449FEC2671D6D2007E569A /* QueensGameViewControllerProtocol.swift */,
				48E5417F267D5EAD00D891E1 /* QueenGameCollectionViewProtocal.swift */,
			);
			path = Common;
			sourceTree = "<group>";
		};
		947E72FD06C84FBAA1E7B9CC /* Pods */ = {
			isa = PBXGroup;
			children = (
				BA9CF4C862F24BBA9ED313FA /* Pods-Queens-game.debug.xcconfig */,
				70A0E9A6E9035114D263CFA8 /* Pods-Queens-game.release.xcconfig */,
			);
			path = Pods;
			sourceTree = "<group>";
		};
/* End PBXGroup section */

/* Begin PBXNativeTarget section */
		0A306FC525F7078B0059CDEE /* Queens-game */ = {
			isa = PBXNativeTarget;
			buildConfigurationList = 0A306FDD25F7078C0059CDEE /* Build configuration list for PBXNativeTarget "Queens-game" */;
			buildPhases = (
				8E9A0955F5332C7808AFAEF3 /* [CP] Check Pods Manifest.lock */,
				0A306FC225F7078B0059CDEE /* Sources */,
				0A306FC325F7078B0059CDEE /* Frameworks */,
				0A306FC425F7078B0059CDEE /* Resources */,
				30F2850C4A4D051D0FE6E89B /* [CP] Embed Pods Frameworks */,
			);
			buildRules = (
			);
			dependencies = (
			);
			name = "Queens-game";
			productName = "Queens-game";
			productReference = 0A306FC625F7078B0059CDEE /* Queens-game.app */;
			productType = "com.apple.product-type.application";
		};
/* End PBXNativeTarget section */

/* Begin PBXProject section */
		0A306FBE25F7078B0059CDEE /* Project object */ = {
			isa = PBXProject;
			attributes = {
				LastSwiftUpdateCheck = 1240;
				LastUpgradeCheck = 1240;
				TargetAttributes = {
					0A306FC525F7078B0059CDEE = {
						CreatedOnToolsVersion = 12.4;
					};
				};
			};
			buildConfigurationList = 0A306FC125F7078B0059CDEE /* Build configuration list for PBXProject "Queens-game" */;
			compatibilityVersion = "Xcode 9.3";
			developmentRegion = en;
			hasScannedForEncodings = 0;
			knownRegions = (
				en,
				Base,
			);
			mainGroup = 0A306FBD25F7078B0059CDEE;
			productRefGroup = 0A306FC725F7078B0059CDEE /* Products */;
			projectDirPath = "";
			projectRoot = "";
			targets = (
				0A306FC525F7078B0059CDEE /* Queens-game */,
			);
		};
/* End PBXProject section */

/* Begin PBXResourcesBuildPhase section */
		0A306FC425F7078B0059CDEE /* Resources */ = {
			isa = PBXResourcesBuildPhase;
			buildActionMask = 2147483647;
			files = (
				0A306FD925F7078C0059CDEE /* LaunchScreen.storyboard in Resources */,
				0A306FD625F7078C0059CDEE /* Assets.xcassets in Resources */,
			);
			runOnlyForDeploymentPostprocessing = 0;
		};
/* End PBXResourcesBuildPhase section */

/* Begin PBXShellScriptBuildPhase section */
		30F2850C4A4D051D0FE6E89B /* [CP] Embed Pods Frameworks */ = {
			isa = PBXShellScriptBuildPhase;
			buildActionMask = 2147483647;
			files = (
			);
			inputFileListPaths = (
				"${PODS_ROOT}/Target Support Files/Pods-Queens-game/Pods-Queens-game-frameworks-${CONFIGURATION}-input-files.xcfilelist",
			);
			name = "[CP] Embed Pods Frameworks";
			outputFileListPaths = (
				"${PODS_ROOT}/Target Support Files/Pods-Queens-game/Pods-Queens-game-frameworks-${CONFIGURATION}-output-files.xcfilelist",
			);
			runOnlyForDeploymentPostprocessing = 0;
			shellPath = /bin/sh;
			shellScript = "\"${PODS_ROOT}/Target Support Files/Pods-Queens-game/Pods-Queens-game-frameworks.sh\"\n";
			showEnvVarsInLog = 0;
		};
		8E9A0955F5332C7808AFAEF3 /* [CP] Check Pods Manifest.lock */ = {
			isa = PBXShellScriptBuildPhase;
			buildActionMask = 2147483647;
			files = (
			);
			inputFileListPaths = (
			);
			inputPaths = (
				"${PODS_PODFILE_DIR_PATH}/Podfile.lock",
				"${PODS_ROOT}/Manifest.lock",
			);
			name = "[CP] Check Pods Manifest.lock";
			outputFileListPaths = (
			);
			outputPaths = (
				"$(DERIVED_FILE_DIR)/Pods-Queens-game-checkManifestLockResult.txt",
			);
			runOnlyForDeploymentPostprocessing = 0;
			shellPath = /bin/sh;
			shellScript = "diff \"${PODS_PODFILE_DIR_PATH}/Podfile.lock\" \"${PODS_ROOT}/Manifest.lock\" > /dev/null\nif [ $? != 0 ] ; then\n    # print error to STDERR\n    echo \"error: The sandbox is not in sync with the Podfile.lock. Run 'pod install' or update your CocoaPods installation.\" >&2\n    exit 1\nfi\n# This output is used by Xcode 'outputs' to avoid re-running this script phase.\necho \"SUCCESS\" > \"${SCRIPT_OUTPUT_FILE_0}\"\n";
			showEnvVarsInLog = 0;
		};
/* End PBXShellScriptBuildPhase section */

/* Begin PBXSourcesBuildPhase section */
		0A306FC225F7078B0059CDEE /* Sources */ = {
			isa = PBXSourcesBuildPhase;
			buildActionMask = 2147483647;
			files = (
				482681992645EBA80010543A /* IconType.swift in Sources */,
				4826819C2645EBA80010543A /* IconFactory.swift in Sources */,
				0A04254C264F22460019AEC1 /* PlayerSelectionViewModel.swift in Sources */,
				482681952645EBA80010543A /* MainButton.swift in Sources */,
				487AF1EB264C61AF00663047 /* CommandViewModel.swift in Sources */,
				0A85DFDA265B1AFA00F662B5 /* QueenSelectedViewModel.swift in Sources */,
				481C2CB3267AF390003975FF /* BackgroundCreatorWithClose.swift in Sources */,
				482681862645EBA80010543A /* H2Label.swift in Sources */,
				487F4BDF268F9C4F0064B7FA /* BackgroundImage.swift in Sources */,
				4826818D2645EBA80010543A /* SelectionCollectionViewCell.swift in Sources */,
				481BA6A0269988C600F5D5F2 /* QueenBeforeSelectionViewController.swift in Sources */,
				0A3A62DD2638D19B0082ACAE /* CommandEditViewController.swift in Sources */,
				0AD08AD1264A6FD100654A05 /* QueensGameSelectionProtocol+Layout.swift in Sources */,
				48E5417D267D315700D891E1 /* ScreenSelectionViewController.swift in Sources */,
				0AD08AA72649FBC500654A05 /* Constant.swift in Sources */,
				482681902645EBA80010543A /* VerticalStackView.swift in Sources */,
				485635E2264369370043AF21 /* User.swift in Sources */,
				48449FEB2671D47E007E569A /* MenuButton.swift in Sources */,
				48AE80452640B26F00CBDB5E /* DemoIconViewController.swift in Sources */,
				0A3A62C52638C1AB0082ACAE /* CommandConfirmationViewController.swift in Sources */,
				48449FED2671D6D2007E569A /* QueensGameViewControllerProtocol.swift in Sources */,
				0A306FCA25F7078B0059CDEE /* AppDelegate.swift in Sources */,
				48AE803E2640B26F00CBDB5E /* DemoViewController.swift in Sources */,
				482681942645EBA80010543A /* NextAndBackButtons.swift in Sources */,
				0A3A62952638B1830082ACAE /* TopViewController.swift in Sources */,
				481CA4002689811800ADF48A /* MenuViewModel.swift in Sources */,
				487AF1F0264CE75400663047 /* CommandSettingViewController.swift in Sources */,
				482681922645EBA80010543A /* UIView+ConfigureLayout.swift in Sources */,
				481BA6A22699893500F5D5F2 /* QueenBeforeSelectionViewModel.swift in Sources */,
				48DD334B2681218A00A2FC1B /* PopUpTransitioning.swift in Sources */,
				0A3A62ED2638D47A0082ACAE /* SettingsViewController.swift in Sources */,
				4826818A2645EBA80010543A /* H4Label.swift in Sources */,
				48AE80442640B26F00CBDB5E /* DemoFontViewController.swift in Sources */,
				48AE80412640B26F00CBDB5E /* DemoCellCVC+Layout.swift in Sources */,
				3B7981C5264F8C66002D2F71 /* CountdownStackView.swift in Sources */,
				48AE80482640B26F00CBDB5E /* DemoModels.swift in Sources */,
				48EBE7E02672974E00DAC164 /* UIImage+blend.swift in Sources */,
				4826818B2645EBA80010543A /* CommandCollectionViewCell.swift in Sources */,
				4826818F2645EBA80010543A /* UINavigationController+hideBarBackground.swift in Sources */,
				481CA4022689928B00ADF48A /* LoadingView.swift in Sources */,
				485635E826437C3F0043AF21 /* Difficulty.swift in Sources */,
				4888CA012675FEB4005F8BBD /* BackgroundCreatorWithMenu.swift in Sources */,
				48AE80432640B26F00CBDB5E /* DemoButtonViewController.swift in Sources */,
				48EECAE6265F6E5600B74066 /* UIButton+RxIsValid.swift in Sources */,
				0AD08ACF264A6F1900654A05 /* QueensGameSelectionProtocol.swift in Sources */,
				485635E626436FA40043AF21 /* GameManager.swift in Sources */,
				482681872645EBA80010543A /* PLabel.swift in Sources */,
				482681842645EBA80010543A /* CustomColor.swift in Sources */,
				0A0425A226539E3A0019AEC1 /* EntryNameStackView.swift in Sources */,
				480952A32675DACA00A39166 /* BackgroundCreatorPlain.swift in Sources */,
				48AE80462640B26F00CBDB5E /* DemoColorViewController.swift in Sources */,
				0A306FCC25F7078B0059CDEE /* SceneDelegate.swift in Sources */,
				48AE80422640B26F00CBDB5E /* DemoCellCollectionViewController.swift in Sources */,
				48C82A5C268406D4003F7851 /* CommandSelectionViewModel.swift in Sources */,
				0AD08A9F26486F5900654A05 /* QueenSelectionViewController.swift in Sources */,
				481476642692D5C600271645 /* ResultViewModel.swift in Sources */,
				0A3A62B82638BFC30082ACAE /* QueenSelectedViewController.swift in Sources */,
				0A3A62CE2638C3310082ACAE /* CitizenSelectedViewController.swift in Sources */,
				4814766226901CF700271645 /* QueensGameButton.swift in Sources */,
				485635EE26438A140043AF21 /* Section.swift in Sources */,
				48E54180267D5EAD00D891E1 /* QueenGameCollectionViewProtocal.swift in Sources */,
				481CA405268AEDE300ADF48A /* WebViewViewController.swift in Sources */,
				482681982645EBA80010543A /* UIImage+append.swift in Sources */,
				482681932645EBA80010543A /* SubButton.swift in Sources */,
				0A3A62982638B3780082ACAE /* PlayerSelectionViewController.swift in Sources */,
				481476662692D7EA00271645 /* ScreenSelectionViewModel.swift in Sources */,
				482681912645EBA80010543A /* UIView+ConstraintLayout.swift in Sources */,
				48B11B2B269FA16E0069E29F /* Vibration.swift in Sources */,
				0A3A62AF2638BC5A0082ACAE /* EntryNameViewController.swift in Sources */,
				0A3A62D92638CF960082ACAE /* CommonCommandViewController.swift in Sources */,
				482681892645EBA80010543A /* H1Label.swift in Sources */,
				0A3A62D42638C3AA0082ACAE /* ResultViewController.swift in Sources */,
				48AE80402640B26F00CBDB5E /* DemoCellCVC+DataSource.swift in Sources */,
				4826818E2645EBA80010543A /* HorizontalStackView.swift in Sources */,
				482681852645EBA80010543A /* UIColor+Hex.swift in Sources */,
				482681832645EBA80010543A /* CustomSearchBar.swift in Sources */,
				485635F226438F4F0043AF21 /* Item.swift in Sources */,
				0AD08AD5264A7CD700654A05 /* QueenSelectionViewModel.swift in Sources */,
				482681822645EBA80010543A /* UISearchBar+configLayout.swift in Sources */,
				3B93A6F72648AD8E009FB008 /* SettingsStackView.swift in Sources */,
				485635EA26437C7A0043AF21 /* CommandType.swift in Sources */,
				48AE80472640B26F00CBDB5E /* DemoSectionItem.swift in Sources */,
				487AF1E7264B9A2900663047 /* CommonCommandViewController+SearchBar.swift in Sources */,
				482681882645EBA80010543A /* H3Label.swift in Sources */,
				3B93A6F32648A4F1009FB008 /* SettingsViewModel.swift in Sources */,
				485635F026438AB80043AF21 /* Selection.swift in Sources */,
				4892E022264A170300C3EFB4 /* CommonCommandViewController+Layout.swift in Sources */,
				48E5417B267C741A00D891E1 /* CommandAttributeStackView.swift in Sources */,
				482681972645EBA80010543A /* CustomFont.swift in Sources */,
				48E826D62697AFBF00AA3BFB /* Command+default.swift in Sources */,
				487AF1E5264B977100663047 /* CommonCommandViewController+ScrollView.swift in Sources */,
				4892E020264A02D900C3EFB4 /* CommonCommandViewController+DataSource.swift in Sources */,
				485635E426436A420043AF21 /* Settings.swift in Sources */,
				4826819A2645EBA80010543A /* UserIdIconView.swift in Sources */,
				0A3A62BC2638C0580082ACAE /* CommandSelectionViewController.swift in Sources */,
				0A3A62F12638D7B60082ACAE /* ExitAlertViewController.swift in Sources */,
				4826818C2645EBA80010543A /* UsernameInputCollectionViewCell.swift in Sources */,
				0A3A62C12638C12A0082ACAE /* CommandManualSelectingViewController.swift in Sources */,
				482681962645EBA80010543A /* GeneticLabelCollectionReusableView.swift in Sources */,
				0AD08AD3264A700B00654A05 /* QueensGameSelectionProtocol+DataSource.swift in Sources */,
				481C2CB5267AF5A1003975FF /* CloseButton.swift in Sources */,
				3B9E940C2650610A003207F7 /* Executor.swift in Sources */,
				4826819D2645EBA80010543A /* CustomSegmentedView.swift in Sources */,
				485635EC26437CED0043AF21 /* Command.swift in Sources */,
				0A3A62E32638D3320082ACAE /* MenuViewController.swift in Sources */,
				48E54179267C48A300D891E1 /* DynamicHeightScrollView.swift in Sources */,
				4826819B2645EBA80010543A /* IconSource.swift in Sources */,
				487F4BDD268F99190064B7FA /* UIImage+Color.swift in Sources */,
				3B7981A3264F09AA002D2F71 /* CitizenSelectedViewModel.swift in Sources */,
				48C9C556264A417400F61459 /* CommandHeaderCollectionReusableView.swift in Sources */,
				48AE803F2640B26F00CBDB5E /* DemoSearchViewController.swift in Sources */,
				0A04254E264FA8250019AEC1 /* EntryNameViewModel.swift in Sources */,
			);
			runOnlyForDeploymentPostprocessing = 0;
		};
/* End PBXSourcesBuildPhase section */

/* Begin PBXVariantGroup section */
		0A306FD725F7078C0059CDEE /* LaunchScreen.storyboard */ = {
			isa = PBXVariantGroup;
			children = (
				0A306FD825F7078C0059CDEE /* Base */,
			);
			name = LaunchScreen.storyboard;
			sourceTree = "<group>";
		};
/* End PBXVariantGroup section */

/* Begin XCBuildConfiguration section */
		0A306FDB25F7078C0059CDEE /* Debug */ = {
			isa = XCBuildConfiguration;
			buildSettings = {
				ALWAYS_SEARCH_USER_PATHS = NO;
				CLANG_ANALYZER_NONNULL = YES;
				CLANG_ANALYZER_NUMBER_OBJECT_CONVERSION = YES_AGGRESSIVE;
				CLANG_CXX_LANGUAGE_STANDARD = "gnu++14";
				CLANG_CXX_LIBRARY = "libc++";
				CLANG_ENABLE_MODULES = YES;
				CLANG_ENABLE_OBJC_ARC = YES;
				CLANG_ENABLE_OBJC_WEAK = YES;
				CLANG_WARN_BLOCK_CAPTURE_AUTORELEASING = YES;
				CLANG_WARN_BOOL_CONVERSION = YES;
				CLANG_WARN_COMMA = YES;
				CLANG_WARN_CONSTANT_CONVERSION = YES;
				CLANG_WARN_DEPRECATED_OBJC_IMPLEMENTATIONS = YES;
				CLANG_WARN_DIRECT_OBJC_ISA_USAGE = YES_ERROR;
				CLANG_WARN_DOCUMENTATION_COMMENTS = YES;
				CLANG_WARN_EMPTY_BODY = YES;
				CLANG_WARN_ENUM_CONVERSION = YES;
				CLANG_WARN_INFINITE_RECURSION = YES;
				CLANG_WARN_INT_CONVERSION = YES;
				CLANG_WARN_NON_LITERAL_NULL_CONVERSION = YES;
				CLANG_WARN_OBJC_IMPLICIT_RETAIN_SELF = YES;
				CLANG_WARN_OBJC_LITERAL_CONVERSION = YES;
				CLANG_WARN_OBJC_ROOT_CLASS = YES_ERROR;
				CLANG_WARN_QUOTED_INCLUDE_IN_FRAMEWORK_HEADER = YES;
				CLANG_WARN_RANGE_LOOP_ANALYSIS = YES;
				CLANG_WARN_STRICT_PROTOTYPES = YES;
				CLANG_WARN_SUSPICIOUS_MOVE = YES;
				CLANG_WARN_UNGUARDED_AVAILABILITY = YES_AGGRESSIVE;
				CLANG_WARN_UNREACHABLE_CODE = YES;
				CLANG_WARN__DUPLICATE_METHOD_MATCH = YES;
				COPY_PHASE_STRIP = NO;
				DEBUG_INFORMATION_FORMAT = dwarf;
				ENABLE_STRICT_OBJC_MSGSEND = YES;
				ENABLE_TESTABILITY = YES;
				GCC_C_LANGUAGE_STANDARD = gnu11;
				GCC_DYNAMIC_NO_PIC = NO;
				GCC_NO_COMMON_BLOCKS = YES;
				GCC_OPTIMIZATION_LEVEL = 0;
				GCC_PREPROCESSOR_DEFINITIONS = (
					"DEBUG=1",
					"$(inherited)",
				);
				GCC_WARN_64_TO_32_BIT_CONVERSION = YES;
				GCC_WARN_ABOUT_RETURN_TYPE = YES_ERROR;
				GCC_WARN_UNDECLARED_SELECTOR = YES;
				GCC_WARN_UNINITIALIZED_AUTOS = YES_AGGRESSIVE;
				GCC_WARN_UNUSED_FUNCTION = YES;
				GCC_WARN_UNUSED_VARIABLE = YES;
				IPHONEOS_DEPLOYMENT_TARGET = 14.5;
				MTL_ENABLE_DEBUG_INFO = INCLUDE_SOURCE;
				MTL_FAST_MATH = YES;
				ONLY_ACTIVE_ARCH = YES;
				SDKROOT = iphoneos;
				SWIFT_ACTIVE_COMPILATION_CONDITIONS = DEBUG;
				SWIFT_OPTIMIZATION_LEVEL = "-Onone";
			};
			name = Debug;
		};
		0A306FDC25F7078C0059CDEE /* Release */ = {
			isa = XCBuildConfiguration;
			buildSettings = {
				ALWAYS_SEARCH_USER_PATHS = NO;
				CLANG_ANALYZER_NONNULL = YES;
				CLANG_ANALYZER_NUMBER_OBJECT_CONVERSION = YES_AGGRESSIVE;
				CLANG_CXX_LANGUAGE_STANDARD = "gnu++14";
				CLANG_CXX_LIBRARY = "libc++";
				CLANG_ENABLE_MODULES = YES;
				CLANG_ENABLE_OBJC_ARC = YES;
				CLANG_ENABLE_OBJC_WEAK = YES;
				CLANG_WARN_BLOCK_CAPTURE_AUTORELEASING = YES;
				CLANG_WARN_BOOL_CONVERSION = YES;
				CLANG_WARN_COMMA = YES;
				CLANG_WARN_CONSTANT_CONVERSION = YES;
				CLANG_WARN_DEPRECATED_OBJC_IMPLEMENTATIONS = YES;
				CLANG_WARN_DIRECT_OBJC_ISA_USAGE = YES_ERROR;
				CLANG_WARN_DOCUMENTATION_COMMENTS = YES;
				CLANG_WARN_EMPTY_BODY = YES;
				CLANG_WARN_ENUM_CONVERSION = YES;
				CLANG_WARN_INFINITE_RECURSION = YES;
				CLANG_WARN_INT_CONVERSION = YES;
				CLANG_WARN_NON_LITERAL_NULL_CONVERSION = YES;
				CLANG_WARN_OBJC_IMPLICIT_RETAIN_SELF = YES;
				CLANG_WARN_OBJC_LITERAL_CONVERSION = YES;
				CLANG_WARN_OBJC_ROOT_CLASS = YES_ERROR;
				CLANG_WARN_QUOTED_INCLUDE_IN_FRAMEWORK_HEADER = YES;
				CLANG_WARN_RANGE_LOOP_ANALYSIS = YES;
				CLANG_WARN_STRICT_PROTOTYPES = YES;
				CLANG_WARN_SUSPICIOUS_MOVE = YES;
				CLANG_WARN_UNGUARDED_AVAILABILITY = YES_AGGRESSIVE;
				CLANG_WARN_UNREACHABLE_CODE = YES;
				CLANG_WARN__DUPLICATE_METHOD_MATCH = YES;
				COPY_PHASE_STRIP = NO;
				DEBUG_INFORMATION_FORMAT = "dwarf-with-dsym";
				ENABLE_NS_ASSERTIONS = NO;
				ENABLE_STRICT_OBJC_MSGSEND = YES;
				GCC_C_LANGUAGE_STANDARD = gnu11;
				GCC_NO_COMMON_BLOCKS = YES;
				GCC_WARN_64_TO_32_BIT_CONVERSION = YES;
				GCC_WARN_ABOUT_RETURN_TYPE = YES_ERROR;
				GCC_WARN_UNDECLARED_SELECTOR = YES;
				GCC_WARN_UNINITIALIZED_AUTOS = YES_AGGRESSIVE;
				GCC_WARN_UNUSED_FUNCTION = YES;
				GCC_WARN_UNUSED_VARIABLE = YES;
				IPHONEOS_DEPLOYMENT_TARGET = 14.5;
				MTL_ENABLE_DEBUG_INFO = NO;
				MTL_FAST_MATH = YES;
				SDKROOT = iphoneos;
				SWIFT_COMPILATION_MODE = wholemodule;
				SWIFT_OPTIMIZATION_LEVEL = "-O";
				VALIDATE_PRODUCT = YES;
			};
			name = Release;
		};
		0A306FDE25F7078C0059CDEE /* Debug */ = {
			isa = XCBuildConfiguration;
			baseConfigurationReference = BA9CF4C862F24BBA9ED313FA /* Pods-Queens-game.debug.xcconfig */;
			buildSettings = {
				ASSETCATALOG_COMPILER_APPICON_NAME = AppIcon;
				ASSETCATALOG_COMPILER_GLOBAL_ACCENT_COLOR_NAME = AccentColor;
				CODE_SIGN_STYLE = Automatic;
				CURRENT_PROJECT_VERSION = 3;
				DEVELOPMENT_TEAM = 2PTMH7A8WP;
				INFOPLIST_FILE = "Queens-game/Support/Info.plist";
				IPHONEOS_DEPLOYMENT_TARGET = 14.3;
				LD_RUNPATH_SEARCH_PATHS = (
					"$(inherited)",
					"@executable_path/Frameworks",
				);
				MARKETING_VERSION = 0.2;
				PRODUCT_BUNDLE_IDENTIFIER = "com.queens-game";
				PRODUCT_NAME = "$(TARGET_NAME)";
				SWIFT_VERSION = 5.0;
				TARGETED_DEVICE_FAMILY = 1;
			};
			name = Debug;
		};
		0A306FDF25F7078C0059CDEE /* Release */ = {
			isa = XCBuildConfiguration;
			baseConfigurationReference = 70A0E9A6E9035114D263CFA8 /* Pods-Queens-game.release.xcconfig */;
			buildSettings = {
				ASSETCATALOG_COMPILER_APPICON_NAME = AppIcon;
				ASSETCATALOG_COMPILER_GLOBAL_ACCENT_COLOR_NAME = AccentColor;
				CODE_SIGN_STYLE = Automatic;
				CURRENT_PROJECT_VERSION = 3;
				DEVELOPMENT_TEAM = 2PTMH7A8WP;
				INFOPLIST_FILE = "Queens-game/Support/Info.plist";
				IPHONEOS_DEPLOYMENT_TARGET = 14.3;
				LD_RUNPATH_SEARCH_PATHS = (
					"$(inherited)",
					"@executable_path/Frameworks",
				);
				MARKETING_VERSION = 0.2;
				PRODUCT_BUNDLE_IDENTIFIER = "com.queens-game";
				PRODUCT_NAME = "$(TARGET_NAME)";
				SWIFT_VERSION = 5.0;
				TARGETED_DEVICE_FAMILY = 1;
			};
			name = Release;
		};
/* End XCBuildConfiguration section */

/* Begin XCConfigurationList section */
		0A306FC125F7078B0059CDEE /* Build configuration list for PBXProject "Queens-game" */ = {
			isa = XCConfigurationList;
			buildConfigurations = (
				0A306FDB25F7078C0059CDEE /* Debug */,
				0A306FDC25F7078C0059CDEE /* Release */,
			);
			defaultConfigurationIsVisible = 0;
			defaultConfigurationName = Release;
		};
		0A306FDD25F7078C0059CDEE /* Build configuration list for PBXNativeTarget "Queens-game" */ = {
			isa = XCConfigurationList;
			buildConfigurations = (
				0A306FDE25F7078C0059CDEE /* Debug */,
				0A306FDF25F7078C0059CDEE /* Release */,
			);
			defaultConfigurationIsVisible = 0;
			defaultConfigurationName = Release;
		};
/* End XCConfigurationList section */
	};
	rootObject = 0A306FBE25F7078B0059CDEE /* Project object */;
}
